
Microsoft Visual Studio Solution File, Format Version 12.00
# Visual Studio Version 16
VisualStudioVersion = 16.0.28917.181
MinimumVisualStudioVersion = 10.0.40219.1
Project("{FAE04EC0-301F-11D3-BF4B-00C04F79EFBC}") = "ShippingDiscount", "ShippingDiscount.csproj", "{1080DF2F-1842-4BB2-81BD-2F854264AE59}"
EndProject
Global
	GlobalSection(SolutionConfigurationPlatforms) = preSolution
		Debug|Any CPU = Debug|Any CPU
		Release|Any CPU = Release|Any CPU
	EndGlobalSection
	GlobalSection(ProjectConfigurationPlatforms) = postSolution
		{1080DF2F-1842-4BB2-81BD-2F854264AE59}.Debug|Any CPU.ActiveCfg = Debug|Any CPU
		{1080DF2F-1842-4BB2-81BD-2F854264AE59}.Debug|Any CPU.Build.0 = Debug|Any CPU
		{1080DF2F-1842-4BB2-81BD-2F854264AE59}.Release|Any CPU.ActiveCfg = Release|Any CPU
		{1080DF2F-1842-4BB2-81BD-2F854264AE59}.Release|Any CPU.Build.0 = Release|Any CPU
	EndGlobalSection
	GlobalSection(SolutionProperties) = preSolution
		HideSolutionNode = FALSE
	EndGlobalSection
	GlobalSection(ExtensibilityGlobals) = postSolution
		SolutionGuid = {FB152BDB-541B-4687-ADD4-352E27FE2CD1}
	EndGlobalSection
EndGlobal
